
Microsoft Visual Studio Solution File, Format Version 12.00
# Visual Studio Version 17
VisualStudioVersion = 17.3.32804.467
MinimumVisualStudioVersion = 10.0.40219.1
Project("{FAE04EC0-301F-11D3-BF4B-00C04F79EFBC}") = "Feedback", "Feedback\Feedback.csproj", "{CC770374-4F54-469B-8170-386FE3927C59}"
EndProject
Global
	GlobalSection(SolutionConfigurationPlatforms) = preSolution
		Debug|Any CPU = Debug|Any CPU
		Release|Any CPU = Release|Any CPU
	EndGlobalSection
	GlobalSection(ProjectConfigurationPlatforms) = postSolution
		{CC770374-4F54-469B-8170-386FE3927C59}.Debug|Any CPU.ActiveCfg = Debug|Any CPU
		{CC770374-4F54-469B-8170-386FE3927C59}.Debug|Any CPU.Build.0 = Debug|Any CPU
		{CC770374-4F54-469B-8170-386FE3927C59}.Release|Any CPU.ActiveCfg = Release|Any CPU
		{CC770374-4F54-469B-8170-386FE3927C59}.Release|Any CPU.Build.0 = Release|Any CPU
	EndGlobalSection
	GlobalSection(SolutionProperties) = preSolution
		HideSolutionNode = FALSE
	EndGlobalSection
	GlobalSection(ExtensibilityGlobals) = postSolution
		SolutionGuid = {37728AEB-AA5F-42B6-AC83-F877AFC7EC85}
	EndGlobalSection
EndGlobal
